
Microsoft Visual Studio Solution File, Format Version 12.00
# Visual Studio Version 17
VisualStudioVersion = 17.11.35219.272
MinimumVisualStudioVersion = 10.0.40219.1
Project("{FAE04EC0-301F-11D3-BF4B-00C04F79EFBC}") = "MobExporter", "MobExporter.csproj", "{508AAC77-957B-4E10-B0F2-6DD9F96C6408}"
EndProject
Project("{9A19103F-16F7-4668-BE54-9A1E7A4F7556}") = "PKG1", "..\PKG1\PKG1.csproj", "{7F78CCCC-B122-47B1-B0EF-BF57B9CB7F59}"
EndProject
Project("{9A19103F-16F7-4668-BE54-9A1E7A4F7556}") = "Utilities", "..\Utilities\Utilities.csproj", "{5D747133-EAED-42CA-8D2C-D4CF25AB86AE}"
EndProject
Global
	GlobalSection(SolutionConfigurationPlatforms) = preSolution
		Debug|Any CPU = Debug|Any CPU
		Release|Any CPU = Release|Any CPU
	EndGlobalSection
	GlobalSection(ProjectConfigurationPlatforms) = postSolution
		{508AAC77-957B-4E10-B0F2-6DD9F96C6408}.Debug|Any CPU.ActiveCfg = Debug|Any CPU
		{508AAC77-957B-4E10-B0F2-6DD9F96C6408}.Debug|Any CPU.Build.0 = Debug|Any CPU
		{508AAC77-957B-4E10-B0F2-6DD9F96C6408}.Release|Any CPU.ActiveCfg = Release|Any CPU
		{508AAC77-957B-4E10-B0F2-6DD9F96C6408}.Release|Any CPU.Build.0 = Release|Any CPU
		{7F78CCCC-B122-47B1-B0EF-BF57B9CB7F59}.Debug|Any CPU.ActiveCfg = Debug|Any CPU
		{7F78CCCC-B122-47B1-B0EF-BF57B9CB7F59}.Debug|Any CPU.Build.0 = Debug|Any CPU
		{7F78CCCC-B122-47B1-B0EF-BF57B9CB7F59}.Release|Any CPU.ActiveCfg = Release|Any CPU
		{7F78CCCC-B122-47B1-B0EF-BF57B9CB7F59}.Release|Any CPU.Build.0 = Release|Any CPU
		{5D747133-EAED-42CA-8D2C-D4CF25AB86AE}.Debug|Any CPU.ActiveCfg = Debug|Any CPU
		{5D747133-EAED-42CA-8D2C-D4CF25AB86AE}.Debug|Any CPU.Build.0 = Debug|Any CPU
		{5D747133-EAED-42CA-8D2C-D4CF25AB86AE}.Release|Any CPU.ActiveCfg = Release|Any CPU
		{5D747133-EAED-42CA-8D2C-D4CF25AB86AE}.Release|Any CPU.Build.0 = Release|Any CPU
	EndGlobalSection
	GlobalSection(SolutionProperties) = preSolution
		HideSolutionNode = FALSE
	EndGlobalSection
	GlobalSection(ExtensibilityGlobals) = postSolution
		SolutionGuid = {5B1A0662-9C99-4BD4-A551-C0F273F4053B}
	EndGlobalSection
EndGlobal
