<?xml version="1.0" encoding="utf-8"?>
<Project ToolsVersion="4.0" xmlns="http://schemas.microsoft.com/developer/msbuild/2003">
  <ItemGroup>
    <Filter Include="utils">
      <UniqueIdentifier>{718fe4fc-db30-45e9-b03b-b056a9f7f7a4}</UniqueIdentifier>
    </Filter>
    <Filter Include="main">
      <UniqueIdentifier>{b8d71ad3-ff22-4452-a26c-18c3cbacc43f}</UniqueIdentifier>
    </Filter>
    <Filter Include="network">
      <UniqueIdentifier>{d9fd383c-3f92-450d-80c9-0300edb8e7c2}</UniqueIdentifier>
    </Filter>
    <Filter Include="network\protocol">
      <UniqueIdentifier>{fd9d0eff-af1d-416b-a853-31e9495527f5}</UniqueIdentifier>
    </Filter>
    <Filter Include="handler">
      <UniqueIdentifier>{4238e849-c9f4-438a-8645-6c50f89ac5f0}</UniqueIdentifier>
    </Filter>
    <Filter Include="data">
      <UniqueIdentifier>{04da26e7-b46c-4c85-9d95-deb91085a406}</UniqueIdentifier>
    </Filter>
  </ItemGroup>
  <ItemGroup>
    <ClCompile Include="pch.cpp">
      <Filter>utils</Filter>
    </ClCompile>
    <ClCompile Include="main.cpp">
      <Filter>main</Filter>
    </ClCompile>
    <ClCompile Include="network\protocol\login_enum.pb.cc">
      <Filter>network\protocol</Filter>
    </ClCompile>
    <ClCompile Include="network\protocol\login_protocol.pb.cc">
      <Filter>network\protocol</Filter>
    </ClCompile>
    <ClCompile Include="network\protocol\login_struct.pb.cc">
      <Filter>network\protocol</Filter>
    </ClCompile>
    <ClCompile Include="network\login_client_packet_handler.cpp">
      <Filter>network</Filter>
    </ClCompile>
    <ClCompile Include="network\login_server.cpp">
      <Filter>network</Filter>
    </ClCompile>
    <ClCompile Include="network\login_session.cpp">
      <Filter>network</Filter>
    </ClCompile>
    <ClCompile Include="network\login_session_manager.cpp">
      <Filter>network</Filter>
    </ClCompile>
    <ClCompile Include="handler\login_handler.cpp">
      <Filter>handler</Filter>
    </ClCompile>
    <ClCompile Include="handler\login_manager.cpp">
      <Filter>handler</Filter>
    </ClCompile>
  </ItemGroup>
  <ItemGroup>
    <ClInclude Include="pch.h">
      <Filter>utils</Filter>
    </ClInclude>
    <ClInclude Include="network\protocol\login_enum.pb.h">
      <Filter>network\protocol</Filter>
    </ClInclude>
    <ClInclude Include="network\protocol\login_protocol.pb.h">
      <Filter>network\protocol</Filter>
    </ClInclude>
    <ClInclude Include="network\protocol\login_struct.pb.h">
      <Filter>network\protocol</Filter>
    </ClInclude>
    <ClInclude Include="network\login_client_packet_handler.h">
      <Filter>network</Filter>
    </ClInclude>
    <ClInclude Include="network\login_server.h">
      <Filter>network</Filter>
    </ClInclude>
    <ClInclude Include="network\login_session.h">
      <Filter>network</Filter>
    </ClInclude>
    <ClInclude Include="network\login_session_manager.h">
      <Filter>network</Filter>
    </ClInclude>
    <ClInclude Include="handler\login_handler.h">
      <Filter>handler</Filter>
    </ClInclude>
    <ClInclude Include="handler\login_manager.h">
      <Filter>handler</Filter>
    </ClInclude>
    <ClInclude Include="data\login_character.h">
      <Filter>data</Filter>
    </ClInclude>
  </ItemGroup>
</Project>