<?xml version="1.0" encoding="utf-8"?>
<Project ToolsVersion="4.0" xmlns="http://schemas.microsoft.com/developer/msbuild/2003">
  <ItemGroup>
    <ClCompile Include="main.cpp" />
    <ClCompile Include="pch.cpp" />
    <ClCompile Include="network\protocol\center_enum.pb.cc">
      <Filter>network\protocol</Filter>
    </ClCompile>
    <ClCompile Include="network\protocol\center_protocol.pb.cc">
      <Filter>network\protocol</Filter>
    </ClCompile>
    <ClCompile Include="network\protocol\center_struct.pb.cc">
      <Filter>network\protocol</Filter>
    </ClCompile>
    <ClCompile Include="network\center\center_server_packet_handler.cpp">
      <Filter>network\center</Filter>
    </ClCompile>
    <ClCompile Include="network\center\center_server_session.cpp">
      <Filter>network\center</Filter>
    </ClCompile>
    <ClCompile Include="network\center\center_session_manager.cpp">
      <Filter>network\center</Filter>
    </ClCompile>
    <ClCompile Include="network\game\game_server.cpp">
      <Filter>network\game</Filter>
    </ClCompile>
    <ClCompile Include="network\game\game_session.cpp">
      <Filter>network\game</Filter>
    </ClCompile>
    <ClCompile Include="network\game\game_session_manager.cpp">
      <Filter>network\game</Filter>
    </ClCompile>
    <ClCompile Include="network\game\game_client_packet_handler.cpp">
      <Filter>network\game</Filter>
    </ClCompile>
    <ClCompile Include="network\center\center_packet_creator.cpp">
      <Filter>network\center</Filter>
    </ClCompile>
    <ClCompile Include="network\protocol\game_enum.pb.cc">
      <Filter>network\protocol</Filter>
    </ClCompile>
    <ClCompile Include="network\protocol\game_protocol.pb.cc">
      <Filter>network\protocol</Filter>
    </ClCompile>
    <ClCompile Include="network\protocol\game_struct.pb.cc">
      <Filter>network\protocol</Filter>
    </ClCompile>
    <ClCompile Include="handler\game\player_handler.cpp">
      <Filter>handler\game</Filter>
    </ClCompile>
    <ClCompile Include="handler\center\center_handler.cpp">
      <Filter>handler\center</Filter>
    </ClCompile>
    <ClCompile Include="handler\center\center_manager.cpp">
      <Filter>handler\center</Filter>
    </ClCompile>
    <ClCompile Include="network\game\game_packet_creator.cpp">
      <Filter>network\game</Filter>
    </ClCompile>
    <ClCompile Include="data\item_provider.cpp">
      <Filter>data</Filter>
    </ClCompile>
    <ClCompile Include="data\templates\item_template.cpp">
      <Filter>data\templates</Filter>
    </ClCompile>
    <ClCompile Include="game\player_manager.cpp">
      <Filter>game</Filter>
    </ClCompile>
    <ClCompile Include="game\basic_stat.cpp">
      <Filter>game</Filter>
    </ClCompile>
    <ClCompile Include="game\player_stat.cpp">
      <Filter>game</Filter>
    </ClCompile>
    <ClCompile Include="game\objects\game_object.cpp">
      <Filter>game\objects</Filter>
    </ClCompile>
    <ClCompile Include="game\objects\player\player.cpp">
      <Filter>game\objects\player</Filter>
    </ClCompile>
    <ClCompile Include="game\map\map_instance.cpp">
      <Filter>game\map</Filter>
    </ClCompile>
    <ClCompile Include="game\map\map_manager.cpp">
      <Filter>game\map</Filter>
    </ClCompile>
    <ClCompile Include="manager\migration\auth_storage.cpp">
      <Filter>manager\migration</Filter>
    </ClCompile>
    <ClCompile Include="manager\job_queue\game_tick.cpp">
      <Filter>manager\job_queue</Filter>
    </ClCompile>
    <ClCompile Include="manager\job_queue\player_db_queue.cpp">
      <Filter>manager\job_queue</Filter>
    </ClCompile>
    <ClCompile Include="util\timer\timer.cpp">
      <Filter>util\timer</Filter>
    </ClCompile>
    <ClCompile Include="util\timer\timer_manager.cpp">
      <Filter>util\timer</Filter>
    </ClCompile>
    <ClCompile Include="game\objects\player\key_map.cpp">
      <Filter>game\objects\player</Filter>
    </ClCompile>
    <ClCompile Include="game\objects\mob\monster.cpp">
      <Filter>game\objects\mob</Filter>
    </ClCompile>
    <ClCompile Include="data\templates\mob_template.cpp">
      <Filter>data\templates</Filter>
    </ClCompile>
    <ClCompile Include="data\mob_provider.cpp">
      <Filter>data</Filter>
    </ClCompile>
    <ClCompile Include="data\templates\map_template.cpp">
      <Filter>data\templates</Filter>
    </ClCompile>
    <ClCompile Include="data\map_provider.cpp">
      <Filter>data</Filter>
    </ClCompile>
  </ItemGroup>
  <ItemGroup>
    <ClInclude Include="pch.h" />
    <ClInclude Include="network\protocol\center_enum.pb.h">
      <Filter>network\protocol</Filter>
    </ClInclude>
    <ClInclude Include="network\protocol\center_protocol.pb.h">
      <Filter>network\protocol</Filter>
    </ClInclude>
    <ClInclude Include="network\protocol\center_struct.pb.h">
      <Filter>network\protocol</Filter>
    </ClInclude>
    <ClInclude Include="network\center\center_server_packet_handler.h">
      <Filter>network\center</Filter>
    </ClInclude>
    <ClInclude Include="network\center\center_server_session.h">
      <Filter>network\center</Filter>
    </ClInclude>
    <ClInclude Include="network\center\center_session_manager.h">
      <Filter>network\center</Filter>
    </ClInclude>
    <ClInclude Include="network\game\game_client_packet_handler.h">
      <Filter>network\game</Filter>
    </ClInclude>
    <ClInclude Include="network\game\game_server.h">
      <Filter>network\game</Filter>
    </ClInclude>
    <ClInclude Include="network\game\game_session.h">
      <Filter>network\game</Filter>
    </ClInclude>
    <ClInclude Include="network\game\game_session_manager.h">
      <Filter>network\game</Filter>
    </ClInclude>
    <ClInclude Include="network\center\center_packet_creator.h">
      <Filter>network\center</Filter>
    </ClInclude>
    <ClInclude Include="network\protocol\game_enum.pb.h">
      <Filter>network\protocol</Filter>
    </ClInclude>
    <ClInclude Include="network\protocol\game_protocol.pb.h">
      <Filter>network\protocol</Filter>
    </ClInclude>
    <ClInclude Include="network\protocol\game_struct.pb.h">
      <Filter>network\protocol</Filter>
    </ClInclude>
    <ClInclude Include="handler\game\player_handler.h">
      <Filter>handler\game</Filter>
    </ClInclude>
    <ClInclude Include="handler\center\center_handler.h">
      <Filter>handler\center</Filter>
    </ClInclude>
    <ClInclude Include="handler\center\center_manager.h">
      <Filter>handler\center</Filter>
    </ClInclude>
    <ClInclude Include="network\game\game_packet_creator.h">
      <Filter>network\game</Filter>
    </ClInclude>
    <ClInclude Include="data\item_provider.h">
      <Filter>data</Filter>
    </ClInclude>
    <ClInclude Include="data\templates\item_template.h">
      <Filter>data\templates</Filter>
    </ClInclude>
    <ClInclude Include="game\player_manager.h">
      <Filter>game</Filter>
    </ClInclude>
    <ClInclude Include="game\basic_stat.h">
      <Filter>game</Filter>
    </ClInclude>
    <ClInclude Include="game\player_stat.h">
      <Filter>game</Filter>
    </ClInclude>
    <ClInclude Include="game\objects\game_object.h">
      <Filter>game\objects</Filter>
    </ClInclude>
    <ClInclude Include="game\objects\player\player.h">
      <Filter>game\objects\player</Filter>
    </ClInclude>
    <ClInclude Include="game\ms_coordinate.h">
      <Filter>game</Filter>
    </ClInclude>
    <ClInclude Include="game\map\map_instance.h">
      <Filter>game\map</Filter>
    </ClInclude>
    <ClInclude Include="game\map\map_manager.h">
      <Filter>game\map</Filter>
    </ClInclude>
    <ClInclude Include="manager\migration\auth_storage.h">
      <Filter>manager\migration</Filter>
    </ClInclude>
    <ClInclude Include="manager\job_queue\game_tick.h">
      <Filter>manager\job_queue</Filter>
    </ClInclude>
    <ClInclude Include="manager\job_queue\player_db_queue.h">
      <Filter>manager\job_queue</Filter>
    </ClInclude>
    <ClInclude Include="util\timer\timer.h">
      <Filter>util\timer</Filter>
    </ClInclude>
    <ClInclude Include="util\timer\timer_manager.h">
      <Filter>util\timer</Filter>
    </ClInclude>
    <ClInclude Include="game\objects\player\key_map.h">
      <Filter>game\objects\player</Filter>
    </ClInclude>
    <ClInclude Include="game\objects\mob\monster.h">
      <Filter>game\objects\mob</Filter>
    </ClInclude>
    <ClInclude Include="data\templates\mob_template.h">
      <Filter>data\templates</Filter>
    </ClInclude>
    <ClInclude Include="data\mob_provider.h">
      <Filter>data</Filter>
    </ClInclude>
    <ClInclude Include="data\templates\map_template.h">
      <Filter>data\templates</Filter>
    </ClInclude>
    <ClInclude Include="data\map_provider.h">
      <Filter>data</Filter>
    </ClInclude>
  </ItemGroup>
  <ItemGroup>
    <Filter Include="network">
      <UniqueIdentifier>{6a0e2cbd-fe89-440f-b3d4-373464b86a1b}</UniqueIdentifier>
    </Filter>
    <Filter Include="network\protocol">
      <UniqueIdentifier>{a075b8d4-0a29-4d7c-b9c1-ad2d311576d8}</UniqueIdentifier>
    </Filter>
    <Filter Include="network\center">
      <UniqueIdentifier>{55bf31fe-0912-4e37-9604-22159aa94fb2}</UniqueIdentifier>
    </Filter>
    <Filter Include="network\game">
      <UniqueIdentifier>{9c5c3a3c-1db4-4f7f-8a76-36268d65d840}</UniqueIdentifier>
    </Filter>
    <Filter Include="handler">
      <UniqueIdentifier>{7d021d63-4eb7-4d71-a0a4-60730e219125}</UniqueIdentifier>
    </Filter>
    <Filter Include="handler\game">
      <UniqueIdentifier>{4128f66f-913c-4ce3-86fa-f12ce19c7763}</UniqueIdentifier>
    </Filter>
    <Filter Include="handler\center">
      <UniqueIdentifier>{bec933fa-0d54-4812-809d-b33869a47a38}</UniqueIdentifier>
    </Filter>
    <Filter Include="game">
      <UniqueIdentifier>{688c5b6a-5f36-46ac-95da-f323a5f3257e}</UniqueIdentifier>
    </Filter>
    <Filter Include="data">
      <UniqueIdentifier>{03bc6185-3989-4dcc-bcd3-e747c4c0ed7a}</UniqueIdentifier>
    </Filter>
    <Filter Include="data\templates">
      <UniqueIdentifier>{8d515af5-dee1-433c-be39-3f00008ef0c5}</UniqueIdentifier>
    </Filter>
    <Filter Include="game\objects">
      <UniqueIdentifier>{96203afa-58a6-4535-99a1-63fac4f165ae}</UniqueIdentifier>
    </Filter>
    <Filter Include="game\objects\player">
      <UniqueIdentifier>{4787d6e9-a6c1-44ad-a0a4-296da5369699}</UniqueIdentifier>
    </Filter>
    <Filter Include="game\map">
      <UniqueIdentifier>{d94d5c81-46e7-421e-8b32-75661aaa0cb7}</UniqueIdentifier>
    </Filter>
    <Filter Include="manager">
      <UniqueIdentifier>{45b850f7-5f06-49e9-bb90-9c94269dae30}</UniqueIdentifier>
    </Filter>
    <Filter Include="manager\migration">
      <UniqueIdentifier>{b7e0bda9-d82f-48bd-a5b6-a4a9ec58a5aa}</UniqueIdentifier>
    </Filter>
    <Filter Include="manager\job_queue">
      <UniqueIdentifier>{153027cd-1d69-461c-afc8-a54512190390}</UniqueIdentifier>
    </Filter>
    <Filter Include="util">
      <UniqueIdentifier>{67d25c31-490e-4f85-9486-a734a1d72378}</UniqueIdentifier>
    </Filter>
    <Filter Include="util\timer">
      <UniqueIdentifier>{a96ff5da-e5b9-4099-91c5-26e7c982ffc6}</UniqueIdentifier>
    </Filter>
    <Filter Include="game\objects\mob">
      <UniqueIdentifier>{26acb677-f1e2-4014-a022-ca3563e9e1a5}</UniqueIdentifier>
    </Filter>
  </ItemGroup>
</Project>